
Microsoft Visual Studio Solution File, Format Version 12.00
# Visual Studio Version 16
VisualStudioVersion = 16.0.31729.503
MinimumVisualStudioVersion = 10.0.40219.1
Project("{FAE04EC0-301F-11D3-BF4B-00C04F79EFBC}") = "Desafio", "Desafio\Desafio.csproj", "{FDE83B4B-455F-4863-A305-E2D356ADF7CF}"
EndProject
Global
	GlobalSection(SolutionConfigurationPlatforms) = preSolution
		Debug|Any CPU = Debug|Any CPU
		Release|Any CPU = Release|Any CPU
	EndGlobalSection
	GlobalSection(ProjectConfigurationPlatforms) = postSolution
		{FDE83B4B-455F-4863-A305-E2D356ADF7CF}.Debug|Any CPU.ActiveCfg = Debug|Any CPU
		{FDE83B4B-455F-4863-A305-E2D356ADF7CF}.Debug|Any CPU.Build.0 = Debug|Any CPU
		{FDE83B4B-455F-4863-A305-E2D356ADF7CF}.Release|Any CPU.ActiveCfg = Release|Any CPU
		{FDE83B4B-455F-4863-A305-E2D356ADF7CF}.Release|Any CPU.Build.0 = Release|Any CPU
	EndGlobalSection
	GlobalSection(SolutionProperties) = preSolution
		HideSolutionNode = FALSE
	EndGlobalSection
	GlobalSection(ExtensibilityGlobals) = postSolution
		SolutionGuid = {96F32DD4-EB88-48F6-9076-D10217AEE181}
	EndGlobalSection
EndGlobal
